// !$*UTF8*$!
{
	archiveVersion = 1;
	classes = {
	};
	objectVersion = 50;
	objects = {

/* Begin PBXBuildFile section */
		9135713116AE7E9FA7ED5535 /* Pods_AuthTask.framework in Frameworks */ = {isa = PBXBuildFile; fileRef = 449B26EB5A860A3DFF0118E2 /* Pods_AuthTask.framework */; };
		C1E87AB321FD7FE90035F813 /* AppDelegate.swift in Sources */ = {isa = PBXBuildFile; fileRef = C1E87AB221FD7FE90035F813 /* AppDelegate.swift */; };
		C1E87AB821FD7FE90035F813 /* Main.storyboard in Resources */ = {isa = PBXBuildFile; fileRef = C1E87AB621FD7FE90035F813 /* Main.storyboard */; };
		C1E87ABA21FD7FF40035F813 /* Assets.xcassets in Resources */ = {isa = PBXBuildFile; fileRef = C1E87AB921FD7FF40035F813 /* Assets.xcassets */; };
		C1E87AC721FD81980035F813 /* BaseModel.swift in Sources */ = {isa = PBXBuildFile; fileRef = C1E87AC621FD81980035F813 /* BaseModel.swift */; };
		C1E87AC921FD81C60035F813 /* BaseView.swift in Sources */ = {isa = PBXBuildFile; fileRef = C1E87AC821FD81C60035F813 /* BaseView.swift */; };
		C1E87ACB21FD82050035F813 /* BaseViewController.swift in Sources */ = {isa = PBXBuildFile; fileRef = C1E87ACA21FD82050035F813 /* BaseViewController.swift */; };
		C1E87ACF21FD866F0035F813 /* MapScreenViewController.swift in Sources */ = {isa = PBXBuildFile; fileRef = C1E87ACE21FD866F0035F813 /* MapScreenViewController.swift */; };
		C1E87AD121FD868C0035F813 /* MapScreenView.swift in Sources */ = {isa = PBXBuildFile; fileRef = C1E87AD021FD868C0035F813 /* MapScreenView.swift */; };
		C1E87AD321FD86A50035F813 /* MapScreenModel.swift in Sources */ = {isa = PBXBuildFile; fileRef = C1E87AD221FD86A50035F813 /* MapScreenModel.swift */; };
		C1E87AD521FD86CC0035F813 /* WeatherMapViewController.swift in Sources */ = {isa = PBXBuildFile; fileRef = C1E87AD421FD86CC0035F813 /* WeatherMapViewController.swift */; };
		C1E87AD721FD87120035F813 /* WeatherMapView.swift in Sources */ = {isa = PBXBuildFile; fileRef = C1E87AD621FD87120035F813 /* WeatherMapView.swift */; };
		C1E87AD921FD875E0035F813 /* WeatherMapModel.swift in Sources */ = {isa = PBXBuildFile; fileRef = C1E87AD821FD875E0035F813 /* WeatherMapModel.swift */; };
		C1E87ADB21FD88E50035F813 /* UIView+Additions.swift in Sources */ = {isa = PBXBuildFile; fileRef = C1E87ADA21FD88E50035F813 /* UIView+Additions.swift */; };
		C1E87AE021FD9BE00035F813 /* WeatherTableViewCell.swift in Sources */ = {isa = PBXBuildFile; fileRef = C1E87ADF21FD9BE00035F813 /* WeatherTableViewCell.swift */; };
		C1E87AE221FD9EFA0035F813 /* WeatherMap+.swift in Sources */ = {isa = PBXBuildFile; fileRef = C1E87AE121FD9EFA0035F813 /* WeatherMap+.swift */; };
		C1E87AE421FDA11D0035F813 /* Kingfisher.framework in Frameworks */ = {isa = PBXBuildFile; fileRef = C1E87AE321FDA11D0035F813 /* Kingfisher.framework */; };
		C1E87AE621FDADB60035F813 /* InfoTableViewCell.swift in Sources */ = {isa = PBXBuildFile; fileRef = C1E87AE521FDADB60035F813 /* InfoTableViewCell.swift */; };
		C1E87AE821FDB3300035F813 /* Macros.swift in Sources */ = {isa = PBXBuildFile; fileRef = C1E87AE721FDB3300035F813 /* Macros.swift */; };
		C1E87AEB21FDB8D60035F813 /* AuthTask.xcdatamodeld in Sources */ = {isa = PBXBuildFile; fileRef = C1E87AE921FDB8D60035F813 /* AuthTask.xcdatamodeld */; };
		C1E87AED21FDBF500035F813 /* LaunchScreen.xib in Resources */ = {isa = PBXBuildFile; fileRef = C1E87AEC21FDBF500035F813 /* LaunchScreen.xib */; };
		C1E87B1021FDCFA60035F813 /* MapScreen+.swift in Sources */ = {isa = PBXBuildFile; fileRef = C1E87B0F21FDCFA60035F813 /* MapScreen+.swift */; };
/* End PBXBuildFile section */

/* Begin PBXFileReference section */
		449B26EB5A860A3DFF0118E2 /* Pods_AuthTask.framework */ = {isa = PBXFileReference; explicitFileType = wrapper.framework; includeInIndex = 0; path = Pods_AuthTask.framework; sourceTree = BUILT_PRODUCTS_DIR; };
		45D4EC371D44E0BA3903944E /* Pods-AuthTask.debug.xcconfig */ = {isa = PBXFileReference; includeInIndex = 1; lastKnownFileType = text.xcconfig; name = "Pods-AuthTask.debug.xcconfig"; path = "Pods/Target Support Files/Pods-AuthTask/Pods-AuthTask.debug.xcconfig"; sourceTree = "<group>"; };
		51A722833C46BB2C33085DAD /* Pods-AuthTask.release.xcconfig */ = {isa = PBXFileReference; includeInIndex = 1; lastKnownFileType = text.xcconfig; name = "Pods-AuthTask.release.xcconfig"; path = "Pods/Target Support Files/Pods-AuthTask/Pods-AuthTask.release.xcconfig"; sourceTree = "<group>"; };
		C1E87AAF21FD7FE90035F813 /* AuthTask.app */ = {isa = PBXFileReference; explicitFileType = wrapper.application; includeInIndex = 0; path = AuthTask.app; sourceTree = BUILT_PRODUCTS_DIR; };
		C1E87AB221FD7FE90035F813 /* AppDelegate.swift */ = {isa = PBXFileReference; lastKnownFileType = sourcecode.swift; path = AppDelegate.swift; sourceTree = "<group>"; };
		C1E87AB721FD7FE90035F813 /* Base */ = {isa = PBXFileReference; lastKnownFileType = file.storyboard; name = Base; path = Base.lproj/Main.storyboard; sourceTree = "<group>"; };
		C1E87AB921FD7FF40035F813 /* Assets.xcassets */ = {isa = PBXFileReference; lastKnownFileType = folder.assetcatalog; path = Assets.xcassets; sourceTree = "<group>"; };
		C1E87ABE21FD7FF40035F813 /* Info.plist */ = {isa = PBXFileReference; lastKnownFileType = text.plist.xml; path = Info.plist; sourceTree = "<group>"; };
		C1E87AC621FD81980035F813 /* BaseModel.swift */ = {isa = PBXFileReference; lastKnownFileType = sourcecode.swift; path = BaseModel.swift; sourceTree = "<group>"; };
		C1E87AC821FD81C60035F813 /* BaseView.swift */ = {isa = PBXFileReference; lastKnownFileType = sourcecode.swift; path = BaseView.swift; sourceTree = "<group>"; };
		C1E87ACA21FD82050035F813 /* BaseViewController.swift */ = {isa = PBXFileReference; lastKnownFileType = sourcecode.swift; path = BaseViewController.swift; sourceTree = "<group>"; };
		C1E87ACE21FD866F0035F813 /* MapScreenViewController.swift */ = {isa = PBXFileReference; lastKnownFileType = sourcecode.swift; path = MapScreenViewController.swift; sourceTree = "<group>"; };
		C1E87AD021FD868C0035F813 /* MapScreenView.swift */ = {isa = PBXFileReference; lastKnownFileType = sourcecode.swift; path = MapScreenView.swift; sourceTree = "<group>"; };
		C1E87AD221FD86A50035F813 /* MapScreenModel.swift */ = {isa = PBXFileReference; lastKnownFileType = sourcecode.swift; path = MapScreenModel.swift; sourceTree = "<group>"; };
		C1E87AD421FD86CC0035F813 /* WeatherMapViewController.swift */ = {isa = PBXFileReference; lastKnownFileType = sourcecode.swift; path = WeatherMapViewController.swift; sourceTree = "<group>"; };
		C1E87AD621FD87120035F813 /* WeatherMapView.swift */ = {isa = PBXFileReference; lastKnownFileType = sourcecode.swift; path = WeatherMapView.swift; sourceTree = "<group>"; };
		C1E87AD821FD875E0035F813 /* WeatherMapModel.swift */ = {isa = PBXFileReference; lastKnownFileType = sourcecode.swift; path = WeatherMapModel.swift; sourceTree = "<group>"; };
		C1E87ADA21FD88E50035F813 /* UIView+Additions.swift */ = {isa = PBXFileReference; lastKnownFileType = sourcecode.swift; path = "UIView+Additions.swift"; sourceTree = "<group>"; };
		C1E87ADF21FD9BE00035F813 /* WeatherTableViewCell.swift */ = {isa = PBXFileReference; lastKnownFileType = sourcecode.swift; path = WeatherTableViewCell.swift; sourceTree = "<group>"; };
		C1E87AE121FD9EFA0035F813 /* WeatherMap+.swift */ = {isa = PBXFileReference; lastKnownFileType = sourcecode.swift; path = "WeatherMap+.swift"; sourceTree = "<group>"; };
		C1E87AE321FDA11D0035F813 /* Kingfisher.framework */ = {isa = PBXFileReference; explicitFileType = wrapper.framework; path = Kingfisher.framework; sourceTree = BUILT_PRODUCTS_DIR; };
		C1E87AE521FDADB60035F813 /* InfoTableViewCell.swift */ = {isa = PBXFileReference; lastKnownFileType = sourcecode.swift; path = InfoTableViewCell.swift; sourceTree = "<group>"; };
		C1E87AE721FDB3300035F813 /* Macros.swift */ = {isa = PBXFileReference; lastKnownFileType = sourcecode.swift; path = Macros.swift; sourceTree = "<group>"; };
		C1E87AEA21FDB8D60035F813 /* WeatherModel.xcdatamodel */ = {isa = PBXFileReference; lastKnownFileType = wrapper.xcdatamodel; path = WeatherModel.xcdatamodel; sourceTree = "<group>"; };
		C1E87AEC21FDBF500035F813 /* LaunchScreen.xib */ = {isa = PBXFileReference; fileEncoding = 4; lastKnownFileType = file.xib; path = LaunchScreen.xib; sourceTree = "<group>"; };
		C1E87B0F21FDCFA60035F813 /* MapScreen+.swift */ = {isa = PBXFileReference; lastKnownFileType = sourcecode.swift; path = "MapScreen+.swift"; sourceTree = "<group>"; };
/* End PBXFileReference section */

/* Begin PBXFrameworksBuildPhase section */
		C1E87AAC21FD7FE90035F813 /* Frameworks */ = {
			isa = PBXFrameworksBuildPhase;
			buildActionMask = 2147483647;
			files = (
				C1E87AE421FDA11D0035F813 /* Kingfisher.framework in Frameworks */,
				9135713116AE7E9FA7ED5535 /* Pods_AuthTask.framework in Frameworks */,
			);
			runOnlyForDeploymentPostprocessing = 0;
		};
/* End PBXFrameworksBuildPhase section */

/* Begin PBXGroup section */
		4DD2EA417AA5471C3877227A /* Frameworks */ = {
			isa = PBXGroup;
			children = (
				C1E87AE321FDA11D0035F813 /* Kingfisher.framework */,
				449B26EB5A860A3DFF0118E2 /* Pods_AuthTask.framework */,
			);
			name = Frameworks;
			sourceTree = "<group>";
		};
		C1E87AA621FD7FE80035F813 = {
			isa = PBXGroup;
			children = (
				C1E87AB121FD7FE90035F813 /* AuthTask */,
				C1E87AB021FD7FE90035F813 /* Products */,
				D1213AC97D3F2468DD2D6598 /* Pods */,
				4DD2EA417AA5471C3877227A /* Frameworks */,
			);
			sourceTree = "<group>";
		};
		C1E87AB021FD7FE90035F813 /* Products */ = {
			isa = PBXGroup;
			children = (
				C1E87AAF21FD7FE90035F813 /* AuthTask.app */,
			);
			name = Products;
			sourceTree = "<group>";
		};
		C1E87AB121FD7FE90035F813 /* AuthTask */ = {
			isa = PBXGroup;
			children = (
				C1E87AEC21FDBF500035F813 /* LaunchScreen.xib */,
				C1E87AC421FD80720035F813 /* Modules */,
				C1E87AB221FD7FE90035F813 /* AppDelegate.swift */,
				C1E87AB621FD7FE90035F813 /* Main.storyboard */,
				C1E87AB921FD7FF40035F813 /* Assets.xcassets */,
				C1E87ABE21FD7FF40035F813 /* Info.plist */,
			);
			path = AuthTask;
			sourceTree = "<group>";
		};
		C1E87AC421FD80720035F813 /* Modules */ = {
			isa = PBXGroup;
			children = (
				C1E87ACD21FD86420035F813 /* WeatherMap */,
				C1E87ACC21FD862A0035F813 /* MapScreen */,
				C1E87AC521FD812D0035F813 /* Base */,
			);
			path = Modules;
			sourceTree = "<group>";
		};
		C1E87AC521FD812D0035F813 /* Base */ = {
			isa = PBXGroup;
			children = (
				C1E87AC621FD81980035F813 /* BaseModel.swift */,
				C1E87AC821FD81C60035F813 /* BaseView.swift */,
				C1E87ACA21FD82050035F813 /* BaseViewController.swift */,
				C1E87ADA21FD88E50035F813 /* UIView+Additions.swift */,
				C1E87AE721FDB3300035F813 /* Macros.swift */,
				C1E87AE921FDB8D60035F813 /* AuthTask.xcdatamodeld */,
			);
			path = Base;
			sourceTree = "<group>";
		};
		C1E87ACC21FD862A0035F813 /* MapScreen */ = {
			isa = PBXGroup;
			children = (
				C1E87ACE21FD866F0035F813 /* MapScreenViewController.swift */,
				C1E87AD021FD868C0035F813 /* MapScreenView.swift */,
				C1E87AD221FD86A50035F813 /* MapScreenModel.swift */,
				C1E87B0F21FDCFA60035F813 /* MapScreen+.swift */,
			);
			path = MapScreen;
			sourceTree = "<group>";
		};
		C1E87ACD21FD86420035F813 /* WeatherMap */ = {
			isa = PBXGroup;
			children = (
				C1E87ADE21FD9BC30035F813 /* Rows */,
				C1E87AD421FD86CC0035F813 /* WeatherMapViewController.swift */,
				C1E87AD621FD87120035F813 /* WeatherMapView.swift */,
				C1E87AD821FD875E0035F813 /* WeatherMapModel.swift */,
				C1E87AE121FD9EFA0035F813 /* WeatherMap+.swift */,
			);
			path = WeatherMap;
			sourceTree = "<group>";
		};
		C1E87ADE21FD9BC30035F813 /* Rows */ = {
			isa = PBXGroup;
			children = (
				C1E87ADF21FD9BE00035F813 /* WeatherTableViewCell.swift */,
				C1E87AE521FDADB60035F813 /* InfoTableViewCell.swift */,
			);
			path = Rows;
			sourceTree = "<group>";
		};
		D1213AC97D3F2468DD2D6598 /* Pods */ = {
			isa = PBXGroup;
			children = (
				45D4EC371D44E0BA3903944E /* Pods-AuthTask.debug.xcconfig */,
				51A722833C46BB2C33085DAD /* Pods-AuthTask.release.xcconfig */,
			);
			name = Pods;
			sourceTree = "<group>";
		};
/* End PBXGroup section */

/* Begin PBXNativeTarget section */
		C1E87AAE21FD7FE90035F813 /* AuthTask */ = {
			isa = PBXNativeTarget;
			buildConfigurationList = C1E87AC121FD7FF40035F813 /* Build configuration list for PBXNativeTarget "AuthTask" */;
			buildPhases = (
				1CB9979AC6A8F94F5D75AA5E /* [CP] Check Pods Manifest.lock */,
				C1E87AAB21FD7FE90035F813 /* Sources */,
				C1E87AAC21FD7FE90035F813 /* Frameworks */,
				C1E87AAD21FD7FE90035F813 /* Resources */,
				A0A577B6DE3AFCFCA195ACD2 /* [CP] Embed Pods Frameworks */,
			);
			buildRules = (
			);
			dependencies = (
			);
			name = AuthTask;
			productName = AuthTask;
			productReference = C1E87AAF21FD7FE90035F813 /* AuthTask.app */;
			productType = "com.apple.product-type.application";
		};
/* End PBXNativeTarget section */

/* Begin PBXProject section */
		C1E87AA721FD7FE80035F813 /* Project object */ = {
			isa = PBXProject;
			attributes = {
				LastSwiftUpdateCheck = 1010;
				LastUpgradeCheck = 1010;
				ORGANIZATIONNAME = "Vaghula Krishnan";
				TargetAttributes = {
					C1E87AAE21FD7FE90035F813 = {
						CreatedOnToolsVersion = 10.1;
					};
				};
			};
			buildConfigurationList = C1E87AAA21FD7FE80035F813 /* Build configuration list for PBXProject "AuthTask" */;
			compatibilityVersion = "Xcode 9.3";
			developmentRegion = en;
			hasScannedForEncodings = 0;
			knownRegions = (
				en,
				Base,
			);
			mainGroup = C1E87AA621FD7FE80035F813;
			productRefGroup = C1E87AB021FD7FE90035F813 /* Products */;
			projectDirPath = "";
			projectRoot = "";
			targets = (
				C1E87AAE21FD7FE90035F813 /* AuthTask */,
			);
		};
/* End PBXProject section */

/* Begin PBXResourcesBuildPhase section */
		C1E87AAD21FD7FE90035F813 /* Resources */ = {
			isa = PBXResourcesBuildPhase;
			buildActionMask = 2147483647;
			files = (
				C1E87ABA21FD7FF40035F813 /* Assets.xcassets in Resources */,
				C1E87AED21FDBF500035F813 /* LaunchScreen.xib in Resources */,
				C1E87AB821FD7FE90035F813 /* Main.storyboard in Resources */,
			);
			runOnlyForDeploymentPostprocessing = 0;
		};
/* End PBXResourcesBuildPhase section */

/* Begin PBXShellScriptBuildPhase section */
		1CB9979AC6A8F94F5D75AA5E /* [CP] Check Pods Manifest.lock */ = {
			isa = PBXShellScriptBuildPhase;
			buildActionMask = 2147483647;
			files = (
			);
			inputPaths = (
				"${PODS_PODFILE_DIR_PATH}/Podfile.lock",
				"${PODS_ROOT}/Manifest.lock",
			);
			name = "[CP] Check Pods Manifest.lock";
			outputPaths = (
				"$(DERIVED_FILE_DIR)/Pods-AuthTask-checkManifestLockResult.txt",
			);
			runOnlyForDeploymentPostprocessing = 0;
			shellPath = /bin/sh;
			shellScript = "diff \"${PODS_PODFILE_DIR_PATH}/Podfile.lock\" \"${PODS_ROOT}/Manifest.lock\" > /dev/null\nif [ $? != 0 ] ; then\n    # print error to STDERR\n    echo \"error: The sandbox is not in sync with the Podfile.lock. Run 'pod install' or update your CocoaPods installation.\" >&2\n    exit 1\nfi\n# This output is used by Xcode 'outputs' to avoid re-running this script phase.\necho \"SUCCESS\" > \"${SCRIPT_OUTPUT_FILE_0}\"\n";
			showEnvVarsInLog = 0;
		};
		A0A577B6DE3AFCFCA195ACD2 /* [CP] Embed Pods Frameworks */ = {
			isa = PBXShellScriptBuildPhase;
			buildActionMask = 2147483647;
			files = (
			);
			inputPaths = (
				"${SRCROOT}/Pods/Target Support Files/Pods-AuthTask/Pods-AuthTask-frameworks.sh",
				"${BUILT_PRODUCTS_DIR}/Alamofire/Alamofire.framework",
				"${BUILT_PRODUCTS_DIR}/Kingfisher/Kingfisher.framework",
			);
			name = "[CP] Embed Pods Frameworks";
			outputPaths = (
				"${TARGET_BUILD_DIR}/${FRAMEWORKS_FOLDER_PATH}/Alamofire.framework",
				"${TARGET_BUILD_DIR}/${FRAMEWORKS_FOLDER_PATH}/Kingfisher.framework",
			);
			runOnlyForDeploymentPostprocessing = 0;
			shellPath = /bin/sh;
			shellScript = "\"${SRCROOT}/Pods/Target Support Files/Pods-AuthTask/Pods-AuthTask-frameworks.sh\"\n";
			showEnvVarsInLog = 0;
		};
/* End PBXShellScriptBuildPhase section */

/* Begin PBXSourcesBuildPhase section */
		C1E87AAB21FD7FE90035F813 /* Sources */ = {
			isa = PBXSourcesBuildPhase;
			buildActionMask = 2147483647;
			files = (
				C1E87AE021FD9BE00035F813 /* WeatherTableViewCell.swift in Sources */,
				C1E87AD721FD87120035F813 /* WeatherMapView.swift in Sources */,
				C1E87AEB21FDB8D60035F813 /* AuthTask.xcdatamodeld in Sources */,
				C1E87AE221FD9EFA0035F813 /* WeatherMap+.swift in Sources */,
				C1E87B1021FDCFA60035F813 /* MapScreen+.swift in Sources */,
				C1E87AD921FD875E0035F813 /* WeatherMapModel.swift in Sources */,
				C1E87AC921FD81C60035F813 /* BaseView.swift in Sources */,
				C1E87ACB21FD82050035F813 /* BaseViewController.swift in Sources */,
				C1E87AE821FDB3300035F813 /* Macros.swift in Sources */,
				C1E87ADB21FD88E50035F813 /* UIView+Additions.swift in Sources */,
				C1E87AD321FD86A50035F813 /* MapScreenModel.swift in Sources */,
				C1E87AC721FD81980035F813 /* BaseModel.swift in Sources */,
				C1E87AD121FD868C0035F813 /* MapScreenView.swift in Sources */,
				C1E87ACF21FD866F0035F813 /* MapScreenViewController.swift in Sources */,
				C1E87AE621FDADB60035F813 /* InfoTableViewCell.swift in Sources */,
				C1E87AD521FD86CC0035F813 /* WeatherMapViewController.swift in Sources */,
				C1E87AB321FD7FE90035F813 /* AppDelegate.swift in Sources */,
			);
			runOnlyForDeploymentPostprocessing = 0;
		};
/* End PBXSourcesBuildPhase section */

/* Begin PBXVariantGroup section */
		C1E87AB621FD7FE90035F813 /* Main.storyboard */ = {
			isa = PBXVariantGroup;
			children = (
				C1E87AB721FD7FE90035F813 /* Base */,
			);
			name = Main.storyboard;
			sourceTree = "<group>";
		};
/* End PBXVariantGroup section */

/* Begin XCBuildConfiguration section */
		C1E87ABF21FD7FF40035F813 /* Debug */ = {
			isa = XCBuildConfiguration;
			buildSettings = {
				ALWAYS_SEARCH_USER_PATHS = NO;
				CLANG_ANALYZER_NONNULL = YES;
				CLANG_ANALYZER_NUMBER_OBJECT_CONVERSION = YES_AGGRESSIVE;
				CLANG_CXX_LANGUAGE_STANDARD = "gnu++14";
				CLANG_CXX_LIBRARY = "libc++";
				CLANG_ENABLE_MODULES = YES;
				CLANG_ENABLE_OBJC_ARC = YES;
				CLANG_ENABLE_OBJC_WEAK = YES;
				CLANG_WARN_BLOCK_CAPTURE_AUTORELEASING = YES;
				CLANG_WARN_BOOL_CONVERSION = YES;
				CLANG_WARN_COMMA = YES;
				CLANG_WARN_CONSTANT_CONVERSION = YES;
				CLANG_WARN_DEPRECATED_OBJC_IMPLEMENTATIONS = YES;
				CLANG_WARN_DIRECT_OBJC_ISA_USAGE = YES_ERROR;
				CLANG_WARN_DOCUMENTATION_COMMENTS = YES;
				CLANG_WARN_EMPTY_BODY = YES;
				CLANG_WARN_ENUM_CONVERSION = YES;
				CLANG_WARN_INFINITE_RECURSION = YES;
				CLANG_WARN_INT_CONVERSION = YES;
				CLANG_WARN_NON_LITERAL_NULL_CONVERSION = YES;
				CLANG_WARN_OBJC_IMPLICIT_RETAIN_SELF = YES;
				CLANG_WARN_OBJC_LITERAL_CONVERSION = YES;
				CLANG_WARN_OBJC_ROOT_CLASS = YES_ERROR;
				CLANG_WARN_RANGE_LOOP_ANALYSIS = YES;
				CLANG_WARN_STRICT_PROTOTYPES = YES;
				CLANG_WARN_SUSPICIOUS_MOVE = YES;
				CLANG_WARN_UNGUARDED_AVAILABILITY = YES_AGGRESSIVE;
				CLANG_WARN_UNREACHABLE_CODE = YES;
				CLANG_WARN__DUPLICATE_METHOD_MATCH = YES;
				CODE_SIGN_IDENTITY = "iPhone Developer";
				COPY_PHASE_STRIP = NO;
				DEBUG_INFORMATION_FORMAT = dwarf;
				ENABLE_STRICT_OBJC_MSGSEND = YES;
				ENABLE_TESTABILITY = YES;
				GCC_C_LANGUAGE_STANDARD = gnu11;
				GCC_DYNAMIC_NO_PIC = NO;
				GCC_NO_COMMON_BLOCKS = YES;
				GCC_OPTIMIZATION_LEVEL = 0;
				GCC_PREPROCESSOR_DEFINITIONS = (
					"DEBUG=1",
					"$(inherited)",
				);
				GCC_WARN_64_TO_32_BIT_CONVERSION = YES;
				GCC_WARN_ABOUT_RETURN_TYPE = YES_ERROR;
				GCC_WARN_UNDECLARED_SELECTOR = YES;
				GCC_WARN_UNINITIALIZED_AUTOS = YES_AGGRESSIVE;
				GCC_WARN_UNUSED_FUNCTION = YES;
				GCC_WARN_UNUSED_VARIABLE = YES;
				IPHONEOS_DEPLOYMENT_TARGET = 12.1;
				MTL_ENABLE_DEBUG_INFO = INCLUDE_SOURCE;
				MTL_FAST_MATH = YES;
				ONLY_ACTIVE_ARCH = YES;
				SDKROOT = iphoneos;
				SWIFT_ACTIVE_COMPILATION_CONDITIONS = DEBUG;
				SWIFT_OPTIMIZATION_LEVEL = "-Onone";
			};
			name = Debug;
		};
		C1E87AC021FD7FF40035F813 /* Release */ = {
			isa = XCBuildConfiguration;
			buildSettings = {
				ALWAYS_SEARCH_USER_PATHS = NO;
				CLANG_ANALYZER_NONNULL = YES;
				CLANG_ANALYZER_NUMBER_OBJECT_CONVERSION = YES_AGGRESSIVE;
				CLANG_CXX_LANGUAGE_STANDARD = "gnu++14";
				CLANG_CXX_LIBRARY = "libc++";
				CLANG_ENABLE_MODULES = YES;
				CLANG_ENABLE_OBJC_ARC = YES;
				CLANG_ENABLE_OBJC_WEAK = YES;
				CLANG_WARN_BLOCK_CAPTURE_AUTORELEASING = YES;
				CLANG_WARN_BOOL_CONVERSION = YES;
				CLANG_WARN_COMMA = YES;
				CLANG_WARN_CONSTANT_CONVERSION = YES;
				CLANG_WARN_DEPRECATED_OBJC_IMPLEMENTATIONS = YES;
				CLANG_WARN_DIRECT_OBJC_ISA_USAGE = YES_ERROR;
				CLANG_WARN_DOCUMENTATION_COMMENTS = YES;
				CLANG_WARN_EMPTY_BODY = YES;
				CLANG_WARN_ENUM_CONVERSION = YES;
				CLANG_WARN_INFINITE_RECURSION = YES;
				CLANG_WARN_INT_CONVERSION = YES;
				CLANG_WARN_NON_LITERAL_NULL_CONVERSION = YES;
				CLANG_WARN_OBJC_IMPLICIT_RETAIN_SELF = YES;
				CLANG_WARN_OBJC_LITERAL_CONVERSION = YES;
				CLANG_WARN_OBJC_ROOT_CLASS = YES_ERROR;
				CLANG_WARN_RANGE_LOOP_ANALYSIS = YES;
				CLANG_WARN_STRICT_PROTOTYPES = YES;
				CLANG_WARN_SUSPICIOUS_MOVE = YES;
				CLANG_WARN_UNGUARDED_AVAILABILITY = YES_AGGRESSIVE;
				CLANG_WARN_UNREACHABLE_CODE = YES;
				CLANG_WARN__DUPLICATE_METHOD_MATCH = YES;
				CODE_SIGN_IDENTITY = "iPhone Developer";
				COPY_PHASE_STRIP = NO;
				DEBUG_INFORMATION_FORMAT = "dwarf-with-dsym";
				ENABLE_NS_ASSERTIONS = NO;
				ENABLE_STRICT_OBJC_MSGSEND = YES;
				GCC_C_LANGUAGE_STANDARD = gnu11;
				GCC_NO_COMMON_BLOCKS = YES;
				GCC_WARN_64_TO_32_BIT_CONVERSION = YES;
				GCC_WARN_ABOUT_RETURN_TYPE = YES_ERROR;
				GCC_WARN_UNDECLARED_SELECTOR = YES;
				GCC_WARN_UNINITIALIZED_AUTOS = YES_AGGRESSIVE;
				GCC_WARN_UNUSED_FUNCTION = YES;
				GCC_WARN_UNUSED_VARIABLE = YES;
				IPHONEOS_DEPLOYMENT_TARGET = 12.1;
				MTL_ENABLE_DEBUG_INFO = NO;
				MTL_FAST_MATH = YES;
				SDKROOT = iphoneos;
				SWIFT_COMPILATION_MODE = wholemodule;
				SWIFT_OPTIMIZATION_LEVEL = "-O";
				VALIDATE_PRODUCT = YES;
			};
			name = Release;
		};
		C1E87AC221FD7FF40035F813 /* Debug */ = {
			isa = XCBuildConfiguration;
			baseConfigurationReference = 45D4EC371D44E0BA3903944E /* Pods-AuthTask.debug.xcconfig */;
			buildSettings = {
				ASSETCATALOG_COMPILER_APPICON_NAME = AppIcon;
				CODE_SIGN_STYLE = Manual;
				DEVELOPMENT_TEAM = "";
				INFOPLIST_FILE = AuthTask/Info.plist;
				LD_RUNPATH_SEARCH_PATHS = (
					"$(inherited)",
					"@executable_path/Frameworks",
				);
				PRODUCT_BUNDLE_IDENTIFIER = com.vaghul.AuthTask;
				PRODUCT_NAME = "$(TARGET_NAME)";
				PROVISIONING_PROFILE_SPECIFIER = "";
				SWIFT_VERSION = 4.2;
				TARGETED_DEVICE_FAMILY = "1,2";
			};
			name = Debug;
		};
		C1E87AC321FD7FF40035F813 /* Release */ = {
			isa = XCBuildConfiguration;
			baseConfigurationReference = 51A722833C46BB2C33085DAD /* Pods-AuthTask.release.xcconfig */;
			buildSettings = {
				ASSETCATALOG_COMPILER_APPICON_NAME = AppIcon;
				CODE_SIGN_STYLE = Manual;
				DEVELOPMENT_TEAM = "";
				INFOPLIST_FILE = AuthTask/Info.plist;
				LD_RUNPATH_SEARCH_PATHS = (
					"$(inherited)",
					"@executable_path/Frameworks",
				);
				PRODUCT_BUNDLE_IDENTIFIER = com.vaghul.AuthTask;
				PRODUCT_NAME = "$(TARGET_NAME)";
				PROVISIONING_PROFILE_SPECIFIER = "";
				SWIFT_VERSION = 4.2;
				TARGETED_DEVICE_FAMILY = "1,2";
			};
			name = Release;
		};
/* End XCBuildConfiguration section */

/* Begin XCConfigurationList section */
		C1E87AAA21FD7FE80035F813 /* Build configuration list for PBXProject "AuthTask" */ = {
			isa = XCConfigurationList;
			buildConfigurations = (
				C1E87ABF21FD7FF40035F813 /* Debug */,
				C1E87AC021FD7FF40035F813 /* Release */,
			);
			defaultConfigurationIsVisible = 0;
			defaultConfigurationName = Release;
		};
		C1E87AC121FD7FF40035F813 /* Build configuration list for PBXNativeTarget "AuthTask" */ = {
			isa = XCConfigurationList;
			buildConfigurations = (
				C1E87AC221FD7FF40035F813 /* Debug */,
				C1E87AC321FD7FF40035F813 /* Release */,
			);
			defaultConfigurationIsVisible = 0;
			defaultConfigurationName = Release;
		};
/* End XCConfigurationList section */

/* Begin XCVersionGroup section */
		C1E87AE921FDB8D60035F813 /* AuthTask.xcdatamodeld */ = {
			isa = XCVersionGroup;
			children = (
				C1E87AEA21FDB8D60035F813 /* WeatherModel.xcdatamodel */,
			);
			currentVersion = C1E87AEA21FDB8D60035F813 /* WeatherModel.xcdatamodel */;
			path = AuthTask.xcdatamodeld;
			sourceTree = "<group>";
			versionGroupType = wrapper.xcdatamodel;
		};
/* End XCVersionGroup section */
	};
	rootObject = C1E87AA721FD7FE80035F813 /* Project object */;
}
